
Microsoft Visual Studio Solution File, Format Version 12.00
# Visual Studio Version 17
VisualStudioVersion = 17.3.32922.545
MinimumVisualStudioVersion = 10.0.40219.1
Project("{9A19103F-16F7-4668-BE54-9A1E7A4F7556}") = "XiaoFeng.Excel", "XiaoFeng.Excel.csproj", "{D0299CBA-3B5E-4AAC-8264-26E501ADAA5F}"
EndProject
Project("{9A19103F-16F7-4668-BE54-9A1E7A4F7556}") = "XiaoFeng", "..\XiaoFeng\XiaoFeng.csproj", "{53E55338-C180-4B6A-8056-BFDE59B71612}"
EndProject
Project("{9A19103F-16F7-4668-BE54-9A1E7A4F7556}") = "TestExcel", "..\TestExcel\TestExcel.csproj", "{77DB0C80-FFD4-40A3-8A40-0A70AB049524}"
EndProject
Global
	GlobalSection(SolutionConfigurationPlatforms) = preSolution
		Debug|Any CPU = Debug|Any CPU
		Release|Any CPU = Release|Any CPU
	EndGlobalSection
	GlobalSection(ProjectConfigurationPlatforms) = postSolution
		{D0299CBA-3B5E-4AAC-8264-26E501ADAA5F}.Debug|Any CPU.ActiveCfg = Debug|Any CPU
		{D0299CBA-3B5E-4AAC-8264-26E501ADAA5F}.Debug|Any CPU.Build.0 = Debug|Any CPU
		{D0299CBA-3B5E-4AAC-8264-26E501ADAA5F}.Release|Any CPU.ActiveCfg = Release|Any CPU
		{D0299CBA-3B5E-4AAC-8264-26E501ADAA5F}.Release|Any CPU.Build.0 = Release|Any CPU
		{53E55338-C180-4B6A-8056-BFDE59B71612}.Debug|Any CPU.ActiveCfg = Debug|Any CPU
		{53E55338-C180-4B6A-8056-BFDE59B71612}.Debug|Any CPU.Build.0 = Debug|Any CPU
		{53E55338-C180-4B6A-8056-BFDE59B71612}.Release|Any CPU.ActiveCfg = Release|Any CPU
		{53E55338-C180-4B6A-8056-BFDE59B71612}.Release|Any CPU.Build.0 = Release|Any CPU
		{77DB0C80-FFD4-40A3-8A40-0A70AB049524}.Debug|Any CPU.ActiveCfg = Debug|Any CPU
		{77DB0C80-FFD4-40A3-8A40-0A70AB049524}.Debug|Any CPU.Build.0 = Debug|Any CPU
		{77DB0C80-FFD4-40A3-8A40-0A70AB049524}.Release|Any CPU.ActiveCfg = Release|Any CPU
		{77DB0C80-FFD4-40A3-8A40-0A70AB049524}.Release|Any CPU.Build.0 = Release|Any CPU
	EndGlobalSection
	GlobalSection(SolutionProperties) = preSolution
		HideSolutionNode = FALSE
	EndGlobalSection
	GlobalSection(ExtensibilityGlobals) = postSolution
		SolutionGuid = {7AE01E52-0A47-413D-B902-BCF9DF606268}
	EndGlobalSection
EndGlobal
